
Microsoft Visual Studio Solution File, Format Version 12.00
# Visual Studio 15
Project("{FAE04EC0-301F-11D3-BF4B-00C04F79EFBC}") = "Assembly-CSharp", "Assembly-CSharp.csproj", "{F589134E-330D-E7F1-C23F-2E369DA19BDF}"
EndProject
Global
	GlobalSection(SolutionConfigurationPlatforms) = preSolution
		Debug|Any CPU = Debug|Any CPU
		Release|Any CPU = Release|Any CPU
	EndGlobalSection
	GlobalSection(ProjectConfigurationPlatforms) = postSolution
		{F589134E-330D-E7F1-C23F-2E369DA19BDF}.Debug|Any CPU.ActiveCfg = Debug|Any CPU
		{F589134E-330D-E7F1-C23F-2E369DA19BDF}.Debug|Any CPU.Build.0 = Debug|Any CPU
		{F589134E-330D-E7F1-C23F-2E369DA19BDF}.Release|Any CPU.ActiveCfg = Release|Any CPU
		{F589134E-330D-E7F1-C23F-2E369DA19BDF}.Release|Any CPU.Build.0 = Release|Any CPU
	EndGlobalSection
	GlobalSection(SolutionProperties) = preSolution
		HideSolutionNode = FALSE
	EndGlobalSection
EndGlobal
